// !$*UTF8*$!
{
	archiveVersion = 1;
	classes = {
	};
	objectVersion = 48;
	objects = {

/* Begin PBXBuildFile section */
		F86A04481F4F3FB6009CA235 /* BorderButton.swift in Sources */ = {isa = PBXBuildFile; fileRef = F86A04471F4F3FB6009CA235 /* BorderButton.swift */; };
		F8BBF6C41F495ED000CFDBFF /* AppDelegate.swift in Sources */ = {isa = PBXBuildFile; fileRef = F8BBF6C31F495ED000CFDBFF /* AppDelegate.swift */; };
		F8BBF6C61F495ED000CFDBFF /* WelcomeVC.swift in Sources */ = {isa = PBXBuildFile; fileRef = F8BBF6C51F495ED000CFDBFF /* WelcomeVC.swift */; };
		F8BBF6C91F495ED000CFDBFF /* Main.storyboard in Resources */ = {isa = PBXBuildFile; fileRef = F8BBF6C71F495ED000CFDBFF /* Main.storyboard */; };
		F8BBF6CB1F495ED000CFDBFF /* Assets.xcassets in Resources */ = {isa = PBXBuildFile; fileRef = F8BBF6CA1F495ED000CFDBFF /* Assets.xcassets */; };
		F8BBF6CE1F495ED000CFDBFF /* LaunchScreen.storyboard in Resources */ = {isa = PBXBuildFile; fileRef = F8BBF6CC1F495ED000CFDBFF /* LaunchScreen.storyboard */; };
		F8F753CC1F51D17400232DC3 /* CategoryVC.swift in Sources */ = {isa = PBXBuildFile; fileRef = F8F753CB1F51D17400232DC3 /* CategoryVC.swift */; };
		F8F753CE1F51D23100232DC3 /* LeagueVC.swift in Sources */ = {isa = PBXBuildFile; fileRef = F8F753CD1F51D23100232DC3 /* LeagueVC.swift */; };
/* End PBXBuildFile section */

/* Begin PBXFileReference section */
		F86A04471F4F3FB6009CA235 /* BorderButton.swift */ = {isa = PBXFileReference; lastKnownFileType = sourcecode.swift; path = BorderButton.swift; sourceTree = "<group>"; };
		F8BBF6C01F495ED000CFDBFF /* Swoosh.app */ = {isa = PBXFileReference; explicitFileType = wrapper.application; includeInIndex = 0; path = Swoosh.app; sourceTree = BUILT_PRODUCTS_DIR; };
		F8BBF6C31F495ED000CFDBFF /* AppDelegate.swift */ = {isa = PBXFileReference; lastKnownFileType = sourcecode.swift; path = AppDelegate.swift; sourceTree = "<group>"; };
		F8BBF6C51F495ED000CFDBFF /* WelcomeVC.swift */ = {isa = PBXFileReference; lastKnownFileType = sourcecode.swift; path = WelcomeVC.swift; sourceTree = "<group>"; };
		F8BBF6C81F495ED000CFDBFF /* Base */ = {isa = PBXFileReference; lastKnownFileType = file.storyboard; name = Base; path = Base.lproj/Main.storyboard; sourceTree = "<group>"; };
		F8BBF6CA1F495ED000CFDBFF /* Assets.xcassets */ = {isa = PBXFileReference; lastKnownFileType = folder.assetcatalog; path = Assets.xcassets; sourceTree = "<group>"; };
		F8BBF6CD1F495ED000CFDBFF /* Base */ = {isa = PBXFileReference; lastKnownFileType = file.storyboard; name = Base; path = Base.lproj/LaunchScreen.storyboard; sourceTree = "<group>"; };
		F8BBF6CF1F495ED000CFDBFF /* Info.plist */ = {isa = PBXFileReference; lastKnownFileType = text.plist.xml; path = Info.plist; sourceTree = "<group>"; };
		F8F753CB1F51D17400232DC3 /* CategoryVC.swift */ = {isa = PBXFileReference; lastKnownFileType = sourcecode.swift; path = CategoryVC.swift; sourceTree = "<group>"; };
		F8F753CD1F51D23100232DC3 /* LeagueVC.swift */ = {isa = PBXFileReference; lastKnownFileType = sourcecode.swift; path = LeagueVC.swift; sourceTree = "<group>"; };
/* End PBXFileReference section */

/* Begin PBXFrameworksBuildPhase section */
		F8BBF6BD1F495ECF00CFDBFF /* Frameworks */ = {
			isa = PBXFrameworksBuildPhase;
			buildActionMask = 2147483647;
			files = (
			);
			runOnlyForDeploymentPostprocessing = 0;
		};
/* End PBXFrameworksBuildPhase section */

/* Begin PBXGroup section */
		F86A04461F4F3F77009CA235 /* View */ = {
			isa = PBXGroup;
			children = (
				F86A04471F4F3FB6009CA235 /* BorderButton.swift */,
			);
			path = View;
			sourceTree = "<group>";
		};
		F8BBF6B71F495ECF00CFDBFF = {
			isa = PBXGroup;
			children = (
				F8BBF6C21F495ED000CFDBFF /* Swoosh */,
				F8BBF6C11F495ED000CFDBFF /* Products */,
			);
			sourceTree = "<group>";
		};
		F8BBF6C11F495ED000CFDBFF /* Products */ = {
			isa = PBXGroup;
			children = (
				F8BBF6C01F495ED000CFDBFF /* Swoosh.app */,
			);
			name = Products;
			sourceTree = "<group>";
		};
		F8BBF6C21F495ED000CFDBFF /* Swoosh */ = {
			isa = PBXGroup;
			children = (
				F8F753CA1F51D0CF00232DC3 /* Controller */,
				F8F753C91F51D0C900232DC3 /* Model */,
				F86A04461F4F3F77009CA235 /* View */,
				F8BBF6C31F495ED000CFDBFF /* AppDelegate.swift */,
				F8BBF6C71F495ED000CFDBFF /* Main.storyboard */,
				F8BBF6CA1F495ED000CFDBFF /* Assets.xcassets */,
				F8BBF6CC1F495ED000CFDBFF /* LaunchScreen.storyboard */,
				F8BBF6CF1F495ED000CFDBFF /* Info.plist */,
			);
			path = Swoosh;
			sourceTree = "<group>";
		};
		F8F753C91F51D0C900232DC3 /* Model */ = {
			isa = PBXGroup;
			children = (
			);
			path = Model;
			sourceTree = "<group>";
		};
		F8F753CA1F51D0CF00232DC3 /* Controller */ = {
			isa = PBXGroup;
			children = (
				F8BBF6C51F495ED000CFDBFF /* WelcomeVC.swift */,
				F8F753CB1F51D17400232DC3 /* CategoryVC.swift */,
				F8F753CD1F51D23100232DC3 /* LeagueVC.swift */,
			);
			path = Controller;
			sourceTree = "<group>";
		};
/* End PBXGroup section */

/* Begin PBXNativeTarget section */
		F8BBF6BF1F495ECF00CFDBFF /* Swoosh */ = {
			isa = PBXNativeTarget;
			buildConfigurationList = F8BBF6D21F495ED000CFDBFF /* Build configuration list for PBXNativeTarget "Swoosh" */;
			buildPhases = (
				F8BBF6BC1F495ECF00CFDBFF /* Sources */,
				F8BBF6BD1F495ECF00CFDBFF /* Frameworks */,
				F8BBF6BE1F495ECF00CFDBFF /* Resources */,
			);
			buildRules = (
			);
			dependencies = (
			);
			name = Swoosh;
			productName = Swoosh;
			productReference = F8BBF6C01F495ED000CFDBFF /* Swoosh.app */;
			productType = "com.apple.product-type.application";
		};
/* End PBXNativeTarget section */

/* Begin PBXProject section */
		F8BBF6B81F495ECF00CFDBFF /* Project object */ = {
			isa = PBXProject;
			attributes = {
				LastSwiftUpdateCheck = 0900;
				LastUpgradeCheck = 0900;
				ORGANIZATIONNAME = "Harshal Solanki";
				TargetAttributes = {
					F8BBF6BF1F495ECF00CFDBFF = {
						CreatedOnToolsVersion = 9.0;
					};
				};
			};
			buildConfigurationList = F8BBF6BB1F495ECF00CFDBFF /* Build configuration list for PBXProject "Swoosh" */;
			compatibilityVersion = "Xcode 8.0";
			developmentRegion = en;
			hasScannedForEncodings = 0;
			knownRegions = (
				en,
				Base,
			);
			mainGroup = F8BBF6B71F495ECF00CFDBFF;
			productRefGroup = F8BBF6C11F495ED000CFDBFF /* Products */;
			projectDirPath = "";
			projectRoot = "";
			targets = (
				F8BBF6BF1F495ECF00CFDBFF /* Swoosh */,
			);
		};
/* End PBXProject section */

/* Begin PBXResourcesBuildPhase section */
		F8BBF6BE1F495ECF00CFDBFF /* Resources */ = {
			isa = PBXResourcesBuildPhase;
			buildActionMask = 2147483647;
			files = (
				F8BBF6CE1F495ED000CFDBFF /* LaunchScreen.storyboard in Resources */,
				F8BBF6CB1F495ED000CFDBFF /* Assets.xcassets in Resources */,
				F8BBF6C91F495ED000CFDBFF /* Main.storyboard in Resources */,
			);
			runOnlyForDeploymentPostprocessing = 0;
		};
/* End PBXResourcesBuildPhase section */

/* Begin PBXSourcesBuildPhase section */
		F8BBF6BC1F495ECF00CFDBFF /* Sources */ = {
			isa = PBXSourcesBuildPhase;
			buildActionMask = 2147483647;
			files = (
				F8F753CE1F51D23100232DC3 /* LeagueVC.swift in Sources */,
				F8F753CC1F51D17400232DC3 /* CategoryVC.swift in Sources */,
				F8BBF6C61F495ED000CFDBFF /* WelcomeVC.swift in Sources */,
				F8BBF6C41F495ED000CFDBFF /* AppDelegate.swift in Sources */,
				F86A04481F4F3FB6009CA235 /* BorderButton.swift in Sources */,
			);
			runOnlyForDeploymentPostprocessing = 0;
		};
/* End PBXSourcesBuildPhase section */

/* Begin PBXVariantGroup section */
		F8BBF6C71F495ED000CFDBFF /* Main.storyboard */ = {
			isa = PBXVariantGroup;
			children = (
				F8BBF6C81F495ED000CFDBFF /* Base */,
			);
			name = Main.storyboard;
			sourceTree = "<group>";
		};
		F8BBF6CC1F495ED000CFDBFF /* LaunchScreen.storyboard */ = {
			isa = PBXVariantGroup;
			children = (
				F8BBF6CD1F495ED000CFDBFF /* Base */,
			);
			name = LaunchScreen.storyboard;
			sourceTree = "<group>";
		};
/* End PBXVariantGroup section */

/* Begin XCBuildConfiguration section */
		F8BBF6D01F495ED000CFDBFF /* Debug */ = {
			isa = XCBuildConfiguration;
			buildSettings = {
				ALWAYS_SEARCH_USER_PATHS = NO;
				CLANG_ANALYZER_NONNULL = YES;
				CLANG_ANALYZER_NUMBER_OBJECT_CONVERSION = YES_AGGRESSIVE;
				CLANG_CXX_LANGUAGE_STANDARD = "gnu++14";
				CLANG_CXX_LIBRARY = "libc++";
				CLANG_ENABLE_MODULES = YES;
				CLANG_ENABLE_OBJC_ARC = YES;
				CLANG_WARN_BLOCK_CAPTURE_AUTORELEASING = YES;
				CLANG_WARN_BOOL_CONVERSION = YES;
				CLANG_WARN_COMMA = YES;
				CLANG_WARN_CONSTANT_CONVERSION = YES;
				CLANG_WARN_DIRECT_OBJC_ISA_USAGE = YES_ERROR;
				CLANG_WARN_DOCUMENTATION_COMMENTS = YES;
				CLANG_WARN_EMPTY_BODY = YES;
				CLANG_WARN_ENUM_CONVERSION = YES;
				CLANG_WARN_INFINITE_RECURSION = YES;
				CLANG_WARN_INT_CONVERSION = YES;
				CLANG_WARN_NON_LITERAL_NULL_CONVERSION = YES;
				CLANG_WARN_OBJC_LITERAL_CONVERSION = YES;
				CLANG_WARN_OBJC_ROOT_CLASS = YES_ERROR;
				CLANG_WARN_RANGE_LOOP_ANALYSIS = YES;
				CLANG_WARN_STRICT_PROTOTYPES = YES;
				CLANG_WARN_SUSPICIOUS_MOVE = YES;
				CLANG_WARN_UNGUARDED_AVAILABILITY = YES_AGGRESSIVE;
				CLANG_WARN_UNREACHABLE_CODE = YES;
				CLANG_WARN__DUPLICATE_METHOD_MATCH = YES;
				CODE_SIGN_IDENTITY = "iPhone Developer";
				COPY_PHASE_STRIP = NO;
				DEBUG_INFORMATION_FORMAT = dwarf;
				ENABLE_STRICT_OBJC_MSGSEND = YES;
				ENABLE_TESTABILITY = YES;
				GCC_C_LANGUAGE_STANDARD = gnu11;
				GCC_DYNAMIC_NO_PIC = NO;
				GCC_NO_COMMON_BLOCKS = YES;
				GCC_OPTIMIZATION_LEVEL = 0;
				GCC_PREPROCESSOR_DEFINITIONS = (
					"DEBUG=1",
					"$(inherited)",
				);
				GCC_WARN_64_TO_32_BIT_CONVERSION = YES;
				GCC_WARN_ABOUT_RETURN_TYPE = YES_ERROR;
				GCC_WARN_UNDECLARED_SELECTOR = YES;
				GCC_WARN_UNINITIALIZED_AUTOS = YES_AGGRESSIVE;
				GCC_WARN_UNUSED_FUNCTION = YES;
				GCC_WARN_UNUSED_VARIABLE = YES;
				IPHONEOS_DEPLOYMENT_TARGET = 11.0;
				MTL_ENABLE_DEBUG_INFO = YES;
				ONLY_ACTIVE_ARCH = YES;
				SDKROOT = iphoneos;
				SWIFT_ACTIVE_COMPILATION_CONDITIONS = DEBUG;
				SWIFT_OPTIMIZATION_LEVEL = "-Onone";
			};
			name = Debug;
		};
		F8BBF6D11F495ED000CFDBFF /* Release */ = {
			isa = XCBuildConfiguration;
			buildSettings = {
				ALWAYS_SEARCH_USER_PATHS = NO;
				CLANG_ANALYZER_NONNULL = YES;
				CLANG_ANALYZER_NUMBER_OBJECT_CONVERSION = YES_AGGRESSIVE;
				CLANG_CXX_LANGUAGE_STANDARD = "gnu++14";
				CLANG_CXX_LIBRARY = "libc++";
				CLANG_ENABLE_MODULES = YES;
				CLANG_ENABLE_OBJC_ARC = YES;
				CLANG_WARN_BLOCK_CAPTURE_AUTORELEASING = YES;
				CLANG_WARN_BOOL_CONVERSION = YES;
				CLANG_WARN_COMMA = YES;
				CLANG_WARN_CONSTANT_CONVERSION = YES;
				CLANG_WARN_DIRECT_OBJC_ISA_USAGE = YES_ERROR;
				CLANG_WARN_DOCUMENTATION_COMMENTS = YES;
				CLANG_WARN_EMPTY_BODY = YES;
				CLANG_WARN_ENUM_CONVERSION = YES;
				CLANG_WARN_INFINITE_RECURSION = YES;
				CLANG_WARN_INT_CONVERSION = YES;
				CLANG_WARN_NON_LITERAL_NULL_CONVERSION = YES;
				CLANG_WARN_OBJC_LITERAL_CONVERSION = YES;
				CLANG_WARN_OBJC_ROOT_CLASS = YES_ERROR;
				CLANG_WARN_RANGE_LOOP_ANALYSIS = YES;
				CLANG_WARN_STRICT_PROTOTYPES = YES;
				CLANG_WARN_SUSPICIOUS_MOVE = YES;
				CLANG_WARN_UNGUARDED_AVAILABILITY = YES_AGGRESSIVE;
				CLANG_WARN_UNREACHABLE_CODE = YES;
				CLANG_WARN__DUPLICATE_METHOD_MATCH = YES;
				CODE_SIGN_IDENTITY = "iPhone Developer";
				COPY_PHASE_STRIP = NO;
				DEBUG_INFORMATION_FORMAT = "dwarf-with-dsym";
				ENABLE_NS_ASSERTIONS = NO;
				ENABLE_STRICT_OBJC_MSGSEND = YES;
				GCC_C_LANGUAGE_STANDARD = gnu11;
				GCC_NO_COMMON_BLOCKS = YES;
				GCC_WARN_64_TO_32_BIT_CONVERSION = YES;
				GCC_WARN_ABOUT_RETURN_TYPE = YES_ERROR;
				GCC_WARN_UNDECLARED_SELECTOR = YES;
				GCC_WARN_UNINITIALIZED_AUTOS = YES_AGGRESSIVE;
				GCC_WARN_UNUSED_FUNCTION = YES;
				GCC_WARN_UNUSED_VARIABLE = YES;
				IPHONEOS_DEPLOYMENT_TARGET = 11.0;
				MTL_ENABLE_DEBUG_INFO = NO;
				SDKROOT = iphoneos;
				SWIFT_OPTIMIZATION_LEVEL = "-Owholemodule";
				VALIDATE_PRODUCT = YES;
			};
			name = Release;
		};
		F8BBF6D31F495ED000CFDBFF /* Debug */ = {
			isa = XCBuildConfiguration;
			buildSettings = {
				ASSETCATALOG_COMPILER_APPICON_NAME = AppIcon;
				INFOPLIST_FILE = Swoosh/Info.plist;
				LD_RUNPATH_SEARCH_PATHS = "$(inherited) @executable_path/Frameworks";
				PRODUCT_BUNDLE_IDENTIFIER = Student.Swoosh;
				PRODUCT_NAME = "$(TARGET_NAME)";
				SWIFT_VERSION = 4.0;
				TARGETED_DEVICE_FAMILY = "1,2";
			};
			name = Debug;
		};
		F8BBF6D41F495ED000CFDBFF /* Release */ = {
			isa = XCBuildConfiguration;
			buildSettings = {
				ASSETCATALOG_COMPILER_APPICON_NAME = AppIcon;
				INFOPLIST_FILE = Swoosh/Info.plist;
				LD_RUNPATH_SEARCH_PATHS = "$(inherited) @executable_path/Frameworks";
				PRODUCT_BUNDLE_IDENTIFIER = Student.Swoosh;
				PRODUCT_NAME = "$(TARGET_NAME)";
				SWIFT_VERSION = 4.0;
				TARGETED_DEVICE_FAMILY = "1,2";
			};
			name = Release;
		};
/* End XCBuildConfiguration section */

/* Begin XCConfigurationList section */
		F8BBF6BB1F495ECF00CFDBFF /* Build configuration list for PBXProject "Swoosh" */ = {
			isa = XCConfigurationList;
			buildConfigurations = (
				F8BBF6D01F495ED000CFDBFF /* Debug */,
				F8BBF6D11F495ED000CFDBFF /* Release */,
			);
			defaultConfigurationIsVisible = 0;
			defaultConfigurationName = Release;
		};
		F8BBF6D21F495ED000CFDBFF /* Build configuration list for PBXNativeTarget "Swoosh" */ = {
			isa = XCConfigurationList;
			buildConfigurations = (
				F8BBF6D31F495ED000CFDBFF /* Debug */,
				F8BBF6D41F495ED000CFDBFF /* Release */,
			);
			defaultConfigurationIsVisible = 0;
			defaultConfigurationName = Release;
		};
/* End XCConfigurationList section */
	};
	rootObject = F8BBF6B81F495ECF00CFDBFF /* Project object */;
}
